
Microsoft Visual Studio Solution File, Format Version 12.00
# Visual Studio Version 17
VisualStudioVersion = 17.3.32929.385
MinimumVisualStudioVersion = 10.0.40219.1
Project("{2150E333-8FDC-42A3-9474-1A3956D46DE8}") = "SRC", "SRC", "{5AA94F9C-2605-4887-BD7C-CE369409FA0B}"
EndProject
Project("{2150E333-8FDC-42A3-9474-1A3956D46DE8}") = "Clients", "Clients", "{66199D09-8F01-45ED-8576-5F4D264B0160}"
EndProject
Project("{2150E333-8FDC-42A3-9474-1A3956D46DE8}") = "Common", "Common", "{3643E98D-5A01-4BEC-9035-6E625525EEF4}"
EndProject
Project("{2150E333-8FDC-42A3-9474-1A3956D46DE8}") = "Api", "Api", "{A38800C8-6CD8-411C-9AD9-FBC91F1FC7D7}"
EndProject
Project("{2150E333-8FDC-42A3-9474-1A3956D46DE8}") = "Projections", "Projections", "{CA092ED1-FC22-4C7B-B5F6-BE0F47F81DE9}"
EndProject
Project("{2150E333-8FDC-42A3-9474-1A3956D46DE8}") = "Core", "Core", "{BDC78700-F172-4365-A73C-812A049EFE4B}"
EndProject
Project("{2150E333-8FDC-42A3-9474-1A3956D46DE8}") = "Infrastructure", "Infrastructure", "{6B48ADEF-0AF5-4BD6-9B63-E0858EB61695}"
EndProject
Project("{2150E333-8FDC-42A3-9474-1A3956D46DE8}") = "WebApi", "WebApi", "{463E8042-771C-4D60-B0D9-469FC8F5D5D6}"
EndProject
Project("{2150E333-8FDC-42A3-9474-1A3956D46DE8}") = "BlazorWeb", "BlazorWeb", "{B8720E08-29D3-48AB-9250-989C6B3BAFE6}"
EndProject
Project("{FAE04EC0-301F-11D3-BF4B-00C04F79EFBC}") = "Dictionary.Common", "src\Common\Dictionary.Common\Dictionary.Common.csproj", "{0BB82685-10D6-48BA-ADC1-B5AA74694FC9}"
EndProject
Project("{FAE04EC0-301F-11D3-BF4B-00C04F79EFBC}") = "Dictionary.Api.Domain", "src\Api\Core\Dictionary.Api.Domain\Dictionary.Api.Domain.csproj", "{0F1A95B9-F2B2-4864-99A9-A58F65795980}"
EndProject
Project("{FAE04EC0-301F-11D3-BF4B-00C04F79EFBC}") = "Dictionary.Api.Application", "src\Api\Core\Dictionary.Api.Application\Dictionary.Api.Application.csproj", "{71121BD4-DA32-45A9-A783-2D08A266D1CE}"
EndProject
Project("{FAE04EC0-301F-11D3-BF4B-00C04F79EFBC}") = "Dictionary.Infrastructure.Persistence", "src\Api\Infrastructure\Dictionary.Infrastructure.Persistence\Dictionary.Infrastructure.Persistence.csproj", "{611B6886-2FEC-4021-A29B-210919408A86}"
EndProject
Project("{FAE04EC0-301F-11D3-BF4B-00C04F79EFBC}") = "Dictionary.Api.WebApi", "src\Api\WebApi\Dictionary.Api.WebApi\Dictionary.Api.WebApi.csproj", "{D806A952-E637-49C5-AFEE-613AAE33D2D0}"
EndProject
Project("{FAE04EC0-301F-11D3-BF4B-00C04F79EFBC}") = "Dictionary.Projections.FavoriteService", "src\Projections\Dictionary.Projections.FavoriteService\Dictionary.Projections.FavoriteService.csproj", "{AA2CCC48-CC39-4F5F-86B8-044B2650C001}"
EndProject
Project("{FAE04EC0-301F-11D3-BF4B-00C04F79EFBC}") = "Dictionary.Projections.VoteService", "src\Projections\Dictionary.Projections.VoteService\Dictionary.Projections.VoteService.csproj", "{F6E10534-6D8C-4F49-84EA-194958B567A0}"
EndProject
Project("{FAE04EC0-301F-11D3-BF4B-00C04F79EFBC}") = "Dictionary.WebApp", "src\Clients\BlazorWeb\Dictionary.WebApp\Dictionary.WebApp.csproj", "{E08308D8-6600-4FFE-B0C9-14C7E3C9A7D1}"
EndProject
Project("{FAE04EC0-301F-11D3-BF4B-00C04F79EFBC}") = "Dictionary.Projections.UserService", "src\Projections\Dictionary.Projections.UserService\Dictionary.Projections.UserService.csproj", "{794BF1A0-59C6-486C-A686-B57BF2DF42E7}"
EndProject
Global
	GlobalSection(SolutionConfigurationPlatforms) = preSolution
		Debug|Any CPU = Debug|Any CPU
		Release|Any CPU = Release|Any CPU
	EndGlobalSection
	GlobalSection(ProjectConfigurationPlatforms) = postSolution
		{0BB82685-10D6-48BA-ADC1-B5AA74694FC9}.Debug|Any CPU.ActiveCfg = Debug|Any CPU
		{0BB82685-10D6-48BA-ADC1-B5AA74694FC9}.Debug|Any CPU.Build.0 = Debug|Any CPU
		{0BB82685-10D6-48BA-ADC1-B5AA74694FC9}.Release|Any CPU.ActiveCfg = Release|Any CPU
		{0BB82685-10D6-48BA-ADC1-B5AA74694FC9}.Release|Any CPU.Build.0 = Release|Any CPU
		{0F1A95B9-F2B2-4864-99A9-A58F65795980}.Debug|Any CPU.ActiveCfg = Debug|Any CPU
		{0F1A95B9-F2B2-4864-99A9-A58F65795980}.Debug|Any CPU.Build.0 = Debug|Any CPU
		{0F1A95B9-F2B2-4864-99A9-A58F65795980}.Release|Any CPU.ActiveCfg = Release|Any CPU
		{0F1A95B9-F2B2-4864-99A9-A58F65795980}.Release|Any CPU.Build.0 = Release|Any CPU
		{71121BD4-DA32-45A9-A783-2D08A266D1CE}.Debug|Any CPU.ActiveCfg = Debug|Any CPU
		{71121BD4-DA32-45A9-A783-2D08A266D1CE}.Debug|Any CPU.Build.0 = Debug|Any CPU
		{71121BD4-DA32-45A9-A783-2D08A266D1CE}.Release|Any CPU.ActiveCfg = Release|Any CPU
		{71121BD4-DA32-45A9-A783-2D08A266D1CE}.Release|Any CPU.Build.0 = Release|Any CPU
		{611B6886-2FEC-4021-A29B-210919408A86}.Debug|Any CPU.ActiveCfg = Debug|Any CPU
		{611B6886-2FEC-4021-A29B-210919408A86}.Debug|Any CPU.Build.0 = Debug|Any CPU
		{611B6886-2FEC-4021-A29B-210919408A86}.Release|Any CPU.ActiveCfg = Release|Any CPU
		{611B6886-2FEC-4021-A29B-210919408A86}.Release|Any CPU.Build.0 = Release|Any CPU
		{D806A952-E637-49C5-AFEE-613AAE33D2D0}.Debug|Any CPU.ActiveCfg = Debug|Any CPU
		{D806A952-E637-49C5-AFEE-613AAE33D2D0}.Debug|Any CPU.Build.0 = Debug|Any CPU
		{D806A952-E637-49C5-AFEE-613AAE33D2D0}.Release|Any CPU.ActiveCfg = Release|Any CPU
		{D806A952-E637-49C5-AFEE-613AAE33D2D0}.Release|Any CPU.Build.0 = Release|Any CPU
		{AA2CCC48-CC39-4F5F-86B8-044B2650C001}.Debug|Any CPU.ActiveCfg = Debug|Any CPU
		{AA2CCC48-CC39-4F5F-86B8-044B2650C001}.Debug|Any CPU.Build.0 = Debug|Any CPU
		{AA2CCC48-CC39-4F5F-86B8-044B2650C001}.Release|Any CPU.ActiveCfg = Release|Any CPU
		{AA2CCC48-CC39-4F5F-86B8-044B2650C001}.Release|Any CPU.Build.0 = Release|Any CPU
		{F6E10534-6D8C-4F49-84EA-194958B567A0}.Debug|Any CPU.ActiveCfg = Debug|Any CPU
		{F6E10534-6D8C-4F49-84EA-194958B567A0}.Debug|Any CPU.Build.0 = Debug|Any CPU
		{F6E10534-6D8C-4F49-84EA-194958B567A0}.Release|Any CPU.ActiveCfg = Release|Any CPU
		{F6E10534-6D8C-4F49-84EA-194958B567A0}.Release|Any CPU.Build.0 = Release|Any CPU
		{E08308D8-6600-4FFE-B0C9-14C7E3C9A7D1}.Debug|Any CPU.ActiveCfg = Debug|Any CPU
		{E08308D8-6600-4FFE-B0C9-14C7E3C9A7D1}.Debug|Any CPU.Build.0 = Debug|Any CPU
		{E08308D8-6600-4FFE-B0C9-14C7E3C9A7D1}.Release|Any CPU.ActiveCfg = Release|Any CPU
		{E08308D8-6600-4FFE-B0C9-14C7E3C9A7D1}.Release|Any CPU.Build.0 = Release|Any CPU
		{794BF1A0-59C6-486C-A686-B57BF2DF42E7}.Debug|Any CPU.ActiveCfg = Debug|Any CPU
		{794BF1A0-59C6-486C-A686-B57BF2DF42E7}.Debug|Any CPU.Build.0 = Debug|Any CPU
		{794BF1A0-59C6-486C-A686-B57BF2DF42E7}.Release|Any CPU.ActiveCfg = Release|Any CPU
		{794BF1A0-59C6-486C-A686-B57BF2DF42E7}.Release|Any CPU.Build.0 = Release|Any CPU
	EndGlobalSection
	GlobalSection(SolutionProperties) = preSolution
		HideSolutionNode = FALSE
	EndGlobalSection
	GlobalSection(NestedProjects) = preSolution
		{66199D09-8F01-45ED-8576-5F4D264B0160} = {5AA94F9C-2605-4887-BD7C-CE369409FA0B}
		{3643E98D-5A01-4BEC-9035-6E625525EEF4} = {5AA94F9C-2605-4887-BD7C-CE369409FA0B}
		{A38800C8-6CD8-411C-9AD9-FBC91F1FC7D7} = {5AA94F9C-2605-4887-BD7C-CE369409FA0B}
		{CA092ED1-FC22-4C7B-B5F6-BE0F47F81DE9} = {5AA94F9C-2605-4887-BD7C-CE369409FA0B}
		{BDC78700-F172-4365-A73C-812A049EFE4B} = {A38800C8-6CD8-411C-9AD9-FBC91F1FC7D7}
		{6B48ADEF-0AF5-4BD6-9B63-E0858EB61695} = {A38800C8-6CD8-411C-9AD9-FBC91F1FC7D7}
		{463E8042-771C-4D60-B0D9-469FC8F5D5D6} = {A38800C8-6CD8-411C-9AD9-FBC91F1FC7D7}
		{B8720E08-29D3-48AB-9250-989C6B3BAFE6} = {66199D09-8F01-45ED-8576-5F4D264B0160}
		{0BB82685-10D6-48BA-ADC1-B5AA74694FC9} = {3643E98D-5A01-4BEC-9035-6E625525EEF4}
		{0F1A95B9-F2B2-4864-99A9-A58F65795980} = {BDC78700-F172-4365-A73C-812A049EFE4B}
		{71121BD4-DA32-45A9-A783-2D08A266D1CE} = {BDC78700-F172-4365-A73C-812A049EFE4B}
		{611B6886-2FEC-4021-A29B-210919408A86} = {6B48ADEF-0AF5-4BD6-9B63-E0858EB61695}
		{D806A952-E637-49C5-AFEE-613AAE33D2D0} = {463E8042-771C-4D60-B0D9-469FC8F5D5D6}
		{AA2CCC48-CC39-4F5F-86B8-044B2650C001} = {CA092ED1-FC22-4C7B-B5F6-BE0F47F81DE9}
		{F6E10534-6D8C-4F49-84EA-194958B567A0} = {CA092ED1-FC22-4C7B-B5F6-BE0F47F81DE9}
		{E08308D8-6600-4FFE-B0C9-14C7E3C9A7D1} = {B8720E08-29D3-48AB-9250-989C6B3BAFE6}
		{794BF1A0-59C6-486C-A686-B57BF2DF42E7} = {CA092ED1-FC22-4C7B-B5F6-BE0F47F81DE9}
	EndGlobalSection
	GlobalSection(ExtensibilityGlobals) = postSolution
		SolutionGuid = {433F1164-1E6C-4FBF-9B26-548AAF69B5FD}
	EndGlobalSection
EndGlobal
